
Microsoft Visual Studio Solution File, Format Version 12.00
# Visual Studio Version 16
VisualStudioVersion = 16.0.31515.178
MinimumVisualStudioVersion = 10.0.40219.1
Project("{9A19103F-16F7-4668-BE54-9A1E7A4F7556}") = "Calculator", "Calculator\Calculator.csproj", "{E32270A2-D810-4055-85AD-DE8CDB191793}"
EndProject
Project("{FAE04EC0-301F-11D3-BF4B-00C04F79EFBC}") = "Tests", "Tests\Tests.csproj", "{DB5573E8-3198-4300-8769-D38603A2AF81}"
EndProject
Global
	GlobalSection(SolutionConfigurationPlatforms) = preSolution
		Debug|Any CPU = Debug|Any CPU
		Release|Any CPU = Release|Any CPU
	EndGlobalSection
	GlobalSection(ProjectConfigurationPlatforms) = postSolution
		{E32270A2-D810-4055-85AD-DE8CDB191793}.Debug|Any CPU.ActiveCfg = Debug|Any CPU
		{E32270A2-D810-4055-85AD-DE8CDB191793}.Debug|Any CPU.Build.0 = Debug|Any CPU
		{E32270A2-D810-4055-85AD-DE8CDB191793}.Release|Any CPU.ActiveCfg = Release|Any CPU
		{E32270A2-D810-4055-85AD-DE8CDB191793}.Release|Any CPU.Build.0 = Release|Any CPU
		{DB5573E8-3198-4300-8769-D38603A2AF81}.Debug|Any CPU.ActiveCfg = Debug|Any CPU
		{DB5573E8-3198-4300-8769-D38603A2AF81}.Debug|Any CPU.Build.0 = Debug|Any CPU
		{DB5573E8-3198-4300-8769-D38603A2AF81}.Release|Any CPU.ActiveCfg = Release|Any CPU
		{DB5573E8-3198-4300-8769-D38603A2AF81}.Release|Any CPU.Build.0 = Release|Any CPU
	EndGlobalSection
	GlobalSection(SolutionProperties) = preSolution
		HideSolutionNode = FALSE
	EndGlobalSection
	GlobalSection(ExtensibilityGlobals) = postSolution
		SolutionGuid = {77C22D29-9DB8-43BB-82C2-3D7218BDCE13}
	EndGlobalSection
EndGlobal
